{
  "lockfileVersion": 1,
  "configVersion": 1,
  "workspaces": {
    "": {
      "name": "llcc",
      "dependencies": {
        "@turf/point-to-polygon-distance": "^7.3.1",
      },
      "devDependencies": {
        "@types/bun": "latest",
      },
      "peerDependencies": {
        "typescript": "^5",
      },
    },
  },
  "packages": {
    "@turf/bearing": ["@turf/bearing@7.3.1", "", { "dependencies": { "@turf/helpers": "7.3.1", "@turf/invariant": "7.3.1", "@types/geojson": "^7946.0.10", "tslib": "^2.8.1" } }, "sha512-ex78l/LiY6uO6jO8AJepyWE6/tiWEbXjKLOgqUfJSkW23UcMVlhbAKzXDjbsdz9T66sXFC/6QNAh8oaZzmoo6w=="],

    "@turf/boolean-point-in-polygon": ["@turf/boolean-point-in-polygon@7.3.1", "", { "dependencies": { "@turf/helpers": "7.3.1", "@turf/invariant": "7.3.1", "@types/geojson": "^7946.0.10", "point-in-polygon-hao": "^1.1.0", "tslib": "^2.8.1" } }, "sha512-BUPW63vE43LctwkgannjmEFTX1KFR/18SS7WzFahJWK1ZoP0s1jrfxGX+pi0BH/3Dd9mA71hkGKDDnj1Ndcz0g=="],

    "@turf/clone": ["@turf/clone@7.3.1", "", { "dependencies": { "@turf/helpers": "7.3.1", "@types/geojson": "^7946.0.10", "tslib": "^2.8.1" } }, "sha512-r7xDOfw9ohA7PhZW+8X9RMsO4szB4YqkhEROaELJyLtQ1bo8VNFtndpZdE6YHQpD7Pjlvlb6i99q8w1QLisEPg=="],

    "@turf/distance": ["@turf/distance@7.3.1", "", { "dependencies": { "@turf/helpers": "7.3.1", "@turf/invariant": "7.3.1", "@types/geojson": "^7946.0.10", "tslib": "^2.8.1" } }, "sha512-DK//doTGgYYjBkcWUywAe7wbZYcdP97hdEJ6rXYVYRoULwGGR3lhY96GNjozg6gaW9q2eSNYnZLpcL5iFVHqgw=="],

    "@turf/helpers": ["@turf/helpers@7.3.1", "", { "dependencies": { "@types/geojson": "^7946.0.10", "tslib": "^2.8.1" } }, "sha512-zkL34JVhi5XhsuMEO0MUTIIFEJ8yiW1InMu4hu/oRqamlY4mMoZql0viEmH6Dafh/p+zOl8OYvMJ3Vm3rFshgg=="],

    "@turf/invariant": ["@turf/invariant@7.3.1", "", { "dependencies": { "@turf/helpers": "7.3.1", "@types/geojson": "^7946.0.10", "tslib": "^2.8.1" } }, "sha512-IdZJfDjIDCLH+Gu2yLFoSM7H23sdetIo5t4ET1/25X8gi3GE2XSqbZwaGjuZgNh02nisBewLqNiJs2bo+hrqZA=="],

    "@turf/meta": ["@turf/meta@7.3.1", "", { "dependencies": { "@turf/helpers": "7.3.1", "@types/geojson": "^7946.0.10" } }, "sha512-NWsfOE5RVtWpLQNkfOF/RrYvLRPwwruxhZUV0UFIzHqfiRJ50aO9Y6uLY4bwCUe2TumLJQSR4yaoA72Rmr2mnQ=="],

    "@turf/nearest-point-on-line": ["@turf/nearest-point-on-line@7.3.1", "", { "dependencies": { "@turf/distance": "7.3.1", "@turf/helpers": "7.3.1", "@turf/invariant": "7.3.1", "@turf/meta": "7.3.1", "@types/geojson": "^7946.0.10", "tslib": "^2.8.1" } }, "sha512-FialyHfXXZWLayKQcUtdOtKv3ulOQ9FSI45kSmkDl8b96+VFWHX983Pc94tTrSTSg89+XX7MDr6gRl0yowmF4Q=="],

    "@turf/point-to-line-distance": ["@turf/point-to-line-distance@7.3.1", "", { "dependencies": { "@turf/bearing": "7.3.1", "@turf/distance": "7.3.1", "@turf/helpers": "7.3.1", "@turf/invariant": "7.3.1", "@turf/meta": "7.3.1", "@turf/nearest-point-on-line": "7.3.1", "@turf/projection": "7.3.1", "@turf/rhumb-bearing": "7.3.1", "@turf/rhumb-distance": "7.3.1", "@types/geojson": "^7946.0.10", "tslib": "^2.8.1" } }, "sha512-vynnX3zIMmJY633fyAIKnzlsmL7OBhbk05YhWVSjCKvSQV8C2xMA9pWaLFacn1xu4nfMSVDUaNOrcAqwubN9pg=="],

    "@turf/point-to-polygon-distance": ["@turf/point-to-polygon-distance@7.3.1", "", { "dependencies": { "@turf/boolean-point-in-polygon": "7.3.1", "@turf/helpers": "7.3.1", "@turf/invariant": "7.3.1", "@turf/meta": "7.3.1", "@turf/point-to-line-distance": "7.3.1", "@turf/polygon-to-line": "7.3.1", "@types/geojson": "^7946.0.10", "tslib": "^2.8.1" } }, "sha512-A2hTQjMKO2VEMdgOariICLCjt0BDc1wAQ7Mzqc4vFuol1/GlAed4JqyLg1zXuOVlZcojvXDk/XRuZwXDlRJkBA=="],

    "@turf/polygon-to-line": ["@turf/polygon-to-line@7.3.1", "", { "dependencies": { "@turf/helpers": "7.3.1", "@turf/invariant": "7.3.1", "@types/geojson": "^7946.0.10", "tslib": "^2.8.1" } }, "sha512-qTOFzn7SLQ0TcKBsPFAFYz7iiq34ijqinpjyr9fHQlFHRHeWzUXiWyIn5a2uOHazkdhHCEXNX8JPkt6hjdZ/fQ=="],

    "@turf/projection": ["@turf/projection@7.3.1", "", { "dependencies": { "@turf/clone": "7.3.1", "@turf/helpers": "7.3.1", "@turf/meta": "7.3.1", "@types/geojson": "^7946.0.10", "tslib": "^2.8.1" } }, "sha512-nDM3LG2j37B1tCpF4xL4rUBrQJcG585IRyDIxL2QEvP1LLv6dcm4fodw70HcGAj05Ux8bJr7IOXQXnobOJrlRA=="],

    "@turf/rhumb-bearing": ["@turf/rhumb-bearing@7.3.1", "", { "dependencies": { "@turf/helpers": "7.3.1", "@turf/invariant": "7.3.1", "@types/geojson": "^7946.0.10", "tslib": "^2.8.1" } }, "sha512-GA/EUSOMapLp6qK5kOX+PkFg2MMUHzUSm/jVezv6Fted0dAlCgXHOrKgLm0tN8PqbH7Oj9xQhv9+3/1ze7W8YA=="],

    "@turf/rhumb-distance": ["@turf/rhumb-distance@7.3.1", "", { "dependencies": { "@turf/helpers": "7.3.1", "@turf/invariant": "7.3.1", "@types/geojson": "^7946.0.10", "tslib": "^2.8.1" } }, "sha512-9ZvXU0ii2aywdphLhiawl3uxMEHucMmXCBiRj3WhmssTY9CZkFii9iImbJEqz5glxh6/gzXDcz1CCFQUdNP2xA=="],

    "@types/bun": ["@types/bun@1.3.3", "", { "dependencies": { "bun-types": "1.3.3" } }, "sha512-ogrKbJ2X5N0kWLLFKeytG0eHDleBYtngtlbu9cyBKFtNL3cnpDZkNdQj8flVf6WTZUX5ulI9AY1oa7ljhSrp+g=="],

    "@types/geojson": ["@types/geojson@7946.0.16", "", {}, "sha512-6C8nqWur3j98U6+lXDfTUWIfgvZU+EumvpHKcYjujKH7woYyLj2sUmff0tRhrqM7BohUw7Pz3ZB1jj2gW9Fvmg=="],

    "@types/node": ["@types/node@24.10.1", "", { "dependencies": { "undici-types": "~7.16.0" } }, "sha512-GNWcUTRBgIRJD5zj+Tq0fKOJ5XZajIiBroOF0yvj2bSU1WvNdYS/dn9UxwsujGW4JX06dnHyjV2y9rRaybH0iQ=="],

    "bun-types": ["bun-types@1.3.3", "", { "dependencies": { "@types/node": "*" } }, "sha512-z3Xwlg7j2l9JY27x5Qn3Wlyos8YAp0kKRlrePAOjgjMGS5IG6E7Jnlx736vH9UVI4wUICwwhC9anYL++XeOgTQ=="],

    "point-in-polygon-hao": ["point-in-polygon-hao@1.2.4", "", { "dependencies": { "robust-predicates": "^3.0.2" } }, "sha512-x2pcvXeqhRHlNRdhLs/tgFapAbSSe86wa/eqmj1G6pWftbEs5aVRJhRGM6FYSUERKu0PjekJzMq0gsI2XyiclQ=="],

    "robust-predicates": ["robust-predicates@3.0.2", "", {}, "sha512-IXgzBWvWQwE6PrDI05OvmXUIruQTcoMDzRsOd5CDvHCVLcLHMTSYvOK5Cm46kWqlV3yAbuSpBZdJ5oP5OUoStg=="],

    "tslib": ["tslib@2.8.1", "", {}, "sha512-oJFu94HQb+KVduSUQL7wnpmqnfmLsOA/nAh6b6EH0wCEoK0/mPeXU6c3wKDV83MkOuHPRHtSXKKU99IBazS/2w=="],

    "typescript": ["typescript@5.9.3", "", { "bin": { "tsc": "bin/tsc", "tsserver": "bin/tsserver" } }, "sha512-jl1vZzPDinLr9eUt3J/t7V6FgNEw9QjvBPdysz9KfQDD41fQrC2Y4vKQdiaUpFT4bXlb1RHhLpp8wtm6M5TgSw=="],

    "undici-types": ["undici-types@7.16.0", "", {}, "sha512-Zz+aZWSj8LE6zoxD+xrjh4VfkIG8Ya6LvYkZqtUQGJPZjYl53ypCaUwWqo7eI0x66KBGeRo+mlBEkMSeSZ38Nw=="],
  }
}
